
Microsoft Visual Studio Solution File, Format Version 12.00
# Visual Studio Version 17
VisualStudioVersion = 17.14.36301.6 d17.14
MinimumVisualStudioVersion = 10.0.40219.1
Project("{FAE04EC0-301F-11D3-BF4B-00C04F79EFBC}") = "Exercicios", "Exercicios\Exercicios.csproj", "{3B811924-7C2C-44B1-90B8-6399A93B8427}"
EndProject
Global
	GlobalSection(SolutionConfigurationPlatforms) = preSolution
		Debug|Any CPU = Debug|Any CPU
		Release|Any CPU = Release|Any CPU
	EndGlobalSection
	GlobalSection(ProjectConfigurationPlatforms) = postSolution
		{3B811924-7C2C-44B1-90B8-6399A93B8427}.Debug|Any CPU.ActiveCfg = Debug|Any CPU
		{3B811924-7C2C-44B1-90B8-6399A93B8427}.Debug|Any CPU.Build.0 = Debug|Any CPU
		{3B811924-7C2C-44B1-90B8-6399A93B8427}.Release|Any CPU.ActiveCfg = Release|Any CPU
		{3B811924-7C2C-44B1-90B8-6399A93B8427}.Release|Any CPU.Build.0 = Release|Any CPU
	EndGlobalSection
	GlobalSection(SolutionProperties) = preSolution
		HideSolutionNode = FALSE
	EndGlobalSection
	GlobalSection(ExtensibilityGlobals) = postSolution
		SolutionGuid = {03027A57-FCFA-46A4-8800-29B83F5236F6}
	EndGlobalSection
EndGlobal
