
Microsoft Visual Studio Solution File, Format Version 12.00
# Visual Studio Version 17
VisualStudioVersion = 17.14.36301.6 d17.14
MinimumVisualStudioVersion = 10.0.40219.1
Project("{FAE04EC0-301F-11D3-BF4B-00C04F79EFBC}") = "Exercicio3", "Exercicio3\Exercicio3.csproj", "{D68D33F7-F4ED-41C2-B2B6-186B1FB3872E}"
EndProject
Global
	GlobalSection(SolutionConfigurationPlatforms) = preSolution
		Debug|Any CPU = Debug|Any CPU
		Release|Any CPU = Release|Any CPU
	EndGlobalSection
	GlobalSection(ProjectConfigurationPlatforms) = postSolution
		{D68D33F7-F4ED-41C2-B2B6-186B1FB3872E}.Debug|Any CPU.ActiveCfg = Debug|Any CPU
		{D68D33F7-F4ED-41C2-B2B6-186B1FB3872E}.Debug|Any CPU.Build.0 = Debug|Any CPU
		{D68D33F7-F4ED-41C2-B2B6-186B1FB3872E}.Release|Any CPU.ActiveCfg = Release|Any CPU
		{D68D33F7-F4ED-41C2-B2B6-186B1FB3872E}.Release|Any CPU.Build.0 = Release|Any CPU
	EndGlobalSection
	GlobalSection(SolutionProperties) = preSolution
		HideSolutionNode = FALSE
	EndGlobalSection
	GlobalSection(ExtensibilityGlobals) = postSolution
		SolutionGuid = {A5FC40A7-3EA3-46E5-83C6-9AB5F40D43AC}
	EndGlobalSection
EndGlobal
